
Microsoft Visual Studio Solution File, Format Version 12.00
# Visual Studio Version 16
VisualStudioVersion = 16.0.30225.117
MinimumVisualStudioVersion = 10.0.40219.1
Project("{FAE04EC0-301F-11D3-BF4B-00C04F79EFBC}") = "UI", "UI.csproj", "{F29B7380-84C4-4D29-A6BF-B98818AFEF51}"
EndProject
Project("{FAE04EC0-301F-11D3-BF4B-00C04F79EFBC}") = "DAL", "DAL\DAL.csproj", "{769F4CCD-3424-414D-846C-9B32E75232D4}"
EndProject
Project("{FAE04EC0-301F-11D3-BF4B-00C04F79EFBC}") = "DTO", "DTO\DTO.csproj", "{CE0E4E52-706D-46B0-BBAD-7096FC05D2FB}"
EndProject
Project("{FAE04EC0-301F-11D3-BF4B-00C04F79EFBC}") = "Exceptions", "Exceptions\Exceptions.csproj", "{88FB6053-110A-4EE9-B81A-D2FCD3603E79}"
EndProject
Project("{FAE04EC0-301F-11D3-BF4B-00C04F79EFBC}") = "BLL", "BLL\BLL.csproj", "{C4C97638-A902-41A2-8C22-66563ED603EF}"
EndProject
Global
	GlobalSection(SolutionConfigurationPlatforms) = preSolution
		Debug|Any CPU = Debug|Any CPU
		Release|Any CPU = Release|Any CPU
	EndGlobalSection
	GlobalSection(ProjectConfigurationPlatforms) = postSolution
		{F29B7380-84C4-4D29-A6BF-B98818AFEF51}.Debug|Any CPU.ActiveCfg = Debug|Any CPU
		{F29B7380-84C4-4D29-A6BF-B98818AFEF51}.Debug|Any CPU.Build.0 = Debug|Any CPU
		{F29B7380-84C4-4D29-A6BF-B98818AFEF51}.Release|Any CPU.ActiveCfg = Release|Any CPU
		{F29B7380-84C4-4D29-A6BF-B98818AFEF51}.Release|Any CPU.Build.0 = Release|Any CPU
		{769F4CCD-3424-414D-846C-9B32E75232D4}.Debug|Any CPU.ActiveCfg = Debug|Any CPU
		{769F4CCD-3424-414D-846C-9B32E75232D4}.Debug|Any CPU.Build.0 = Debug|Any CPU
		{769F4CCD-3424-414D-846C-9B32E75232D4}.Release|Any CPU.ActiveCfg = Release|Any CPU
		{769F4CCD-3424-414D-846C-9B32E75232D4}.Release|Any CPU.Build.0 = Release|Any CPU
		{CE0E4E52-706D-46B0-BBAD-7096FC05D2FB}.Debug|Any CPU.ActiveCfg = Debug|Any CPU
		{CE0E4E52-706D-46B0-BBAD-7096FC05D2FB}.Debug|Any CPU.Build.0 = Debug|Any CPU
		{CE0E4E52-706D-46B0-BBAD-7096FC05D2FB}.Release|Any CPU.ActiveCfg = Release|Any CPU
		{CE0E4E52-706D-46B0-BBAD-7096FC05D2FB}.Release|Any CPU.Build.0 = Release|Any CPU
		{88FB6053-110A-4EE9-B81A-D2FCD3603E79}.Debug|Any CPU.ActiveCfg = Debug|Any CPU
		{88FB6053-110A-4EE9-B81A-D2FCD3603E79}.Debug|Any CPU.Build.0 = Debug|Any CPU
		{88FB6053-110A-4EE9-B81A-D2FCD3603E79}.Release|Any CPU.ActiveCfg = Release|Any CPU
		{88FB6053-110A-4EE9-B81A-D2FCD3603E79}.Release|Any CPU.Build.0 = Release|Any CPU
		{C4C97638-A902-41A2-8C22-66563ED603EF}.Debug|Any CPU.ActiveCfg = Debug|Any CPU
		{C4C97638-A902-41A2-8C22-66563ED603EF}.Debug|Any CPU.Build.0 = Debug|Any CPU
		{C4C97638-A902-41A2-8C22-66563ED603EF}.Release|Any CPU.ActiveCfg = Release|Any CPU
		{C4C97638-A902-41A2-8C22-66563ED603EF}.Release|Any CPU.Build.0 = Release|Any CPU
	EndGlobalSection
	GlobalSection(SolutionProperties) = preSolution
		HideSolutionNode = FALSE
	EndGlobalSection
	GlobalSection(ExtensibilityGlobals) = postSolution
		SolutionGuid = {168314B7-086A-49C8-9399-B57177FC1201}
	EndGlobalSection
EndGlobal
